
Microsoft Visual Studio Solution File, Format Version 12.00
# Visual Studio Version 17
VisualStudioVersion = 17.14.36121.58
MinimumVisualStudioVersion = 10.0.40219.1
Project("{2150E333-8FDC-42A3-9474-1A3956D46DE8}") = "Core", "Core", "{9E17A0DD-15D7-4CE4-BC81-AC9F4AC6A27B}"
EndProject
Project("{2150E333-8FDC-42A3-9474-1A3956D46DE8}") = "Infrastructure", "Infrastructure", "{CAD346F6-FD0C-4CBE-89EB-F540C9D3A5D7}"
EndProject
Project("{2150E333-8FDC-42A3-9474-1A3956D46DE8}") = "Aplication", "Aplication", "{9424E60D-9285-4979-949B-399FFD06DE4E}"
EndProject
Project("{2150E333-8FDC-42A3-9474-1A3956D46DE8}") = "Domain", "Domain", "{C162A1F9-7439-4772-81DA-C6916834FFE1}"
EndProject
Project("{2150E333-8FDC-42A3-9474-1A3956D46DE8}") = "Presentation", "Presentation", "{02EA681E-C7D8-13C7-8484-4AC65E1B71E8}"
EndProject
Project("{FAE04EC0-301F-11D3-BF4B-00C04F79EFBC}") = "SellPoint.View", "SellPoint.View\SellPoint.View.csproj", "{0FABDCDE-94A9-4812-BAF5-446A4B4E49E1}"
EndProject
Project("{FAE04EC0-301F-11D3-BF4B-00C04F79EFBC}") = "SellPoint.Domain", "SellPoint.Domainn\SellPoint.Domain.csproj", "{3AE58D83-D3B7-4533-8E73-9B53848ED5EC}"
EndProject
Project("{FAE04EC0-301F-11D3-BF4B-00C04F79EFBC}") = "SellPoint.Aplication", "SellPoint.Aplication\SellPoint.Aplication.csproj", "{BB56B5A2-3669-4C7B-8F1D-5161D32E000B}"
EndProject
Project("{FAE04EC0-301F-11D3-BF4B-00C04F79EFBC}") = "SellPoint.Infraestructure", "SellPoint.Infraestructure\SellPoint.Infraestructure.csproj", "{6DCDAFB3-2E9B-4E15-B9B4-726F8D948854}"
EndProject
Project("{FAE04EC0-301F-11D3-BF4B-00C04F79EFBC}") = "SellPoint.Persistence", "SellPoint.Persistence\SellPoint.Persistence.csproj", "{F27E4128-1845-49F7-B69F-16DA26ADF7F3}"
EndProject
Project("{2150E333-8FDC-42A3-9474-1A3956D46DE8}") = "IOC", "IOC", "{E9101DC1-11D6-4D43-BED4-613E689DD538}"
EndProject
Project("{FAE04EC0-301F-11D3-BF4B-00C04F79EFBC}") = "SellPoint.IOC", "SellPoint.IOC\SellPoint.IOC.csproj", "{126F93D7-E452-49D2-80F9-8FBA80BCBA97}"
EndProject
Project("{2150E333-8FDC-42A3-9474-1A3956D46DE8}") = "Test", "Test", "{D7727C20-B647-4266-8A83-B169060EA6E2}"
EndProject
Project("{2150E333-8FDC-42A3-9474-1A3956D46DE8}") = "TestCarrito", "TestCarrito", "{13696B67-1E23-433B-A98F-AEC9306A354A}"
EndProject
Project("{2150E333-8FDC-42A3-9474-1A3956D46DE8}") = "TestProducto", "TestProducto", "{7D59600F-BBBA-409F-B77E-2DA70F753F96}"
EndProject
Project("{FAE04EC0-301F-11D3-BF4B-00C04F79EFBC}") = "Sellpoin.test.CarritoService", "Sellpoin.test.CarritoService\Sellpoin.test.CarritoService.csproj", "{68D984F3-4C7A-4796-B2E1-FFAF30C84616}"
EndProject
Project("{2150E333-8FDC-42A3-9474-1A3956D46DE8}") = "TestCarritoService", "TestCarritoService", "{E4AFCF99-F496-4205-83FA-D2B000B8E939}"
EndProject
Project("{2150E333-8FDC-42A3-9474-1A3956D46DE8}") = "TestCarritoPersistence", "TestCarritoPersistence", "{3F97EDE1-5494-47A3-8C5F-D8612A049353}"
EndProject
Project("{FAE04EC0-301F-11D3-BF4B-00C04F79EFBC}") = "SellPoint.Test.CarritoPersistence", "SellPoint.Test.CarritoPersistence\SellPoint.Test.CarritoPersistence.csproj", "{14C36099-2FC4-43CC-A6D9-89FC30887322}"
EndProject
Project("{2150E333-8FDC-42A3-9474-1A3956D46DE8}") = "TestProductoPersistence", "TestProductoPersistence", "{1BB023E6-CBAE-46E9-B8DC-3AD0308DA3B8}"
EndProject
Project("{2150E333-8FDC-42A3-9474-1A3956D46DE8}") = "TestProductoService", "TestProductoService", "{A0DA63D9-7527-4CD4-8FA7-226B8A17BC97}"
EndProject
Project("{FAE04EC0-301F-11D3-BF4B-00C04F79EFBC}") = "Sellpoint.Test.ProductoPeristence", "Sellpoint.Test.ProductoPeristence\Sellpoint.Test.ProductoPeristence.csproj", "{81829E04-BA1B-4A73-8F05-4AF19645755D}"
EndProject
Project("{FAE04EC0-301F-11D3-BF4B-00C04F79EFBC}") = "SellPoint.Test.Producto.Service", "SellPoint.Test.Producto.Service\SellPoint.Test.Producto.Service.csproj", "{86D29C3C-1ECE-4B4B-A65A-36C417699FAF}"
EndProject
Project("{2150E333-8FDC-42A3-9474-1A3956D46DE8}") = "API", "API", "{FBD647BB-34E0-4726-A1B7-B85305418A09}"
EndProject
Project("{FAE04EC0-301F-11D3-BF4B-00C04F79EFBC}") = "SellPointAPI", "SellPointAPI\SellPointAPI.csproj", "{77415D87-71D2-4FE1-9063-E19FE1A25F08}"
EndProject
Global
	GlobalSection(SolutionConfigurationPlatforms) = preSolution
		Debug|Any CPU = Debug|Any CPU
		Release|Any CPU = Release|Any CPU
	EndGlobalSection
	GlobalSection(ProjectConfigurationPlatforms) = postSolution
		{0FABDCDE-94A9-4812-BAF5-446A4B4E49E1}.Debug|Any CPU.ActiveCfg = Debug|Any CPU
		{0FABDCDE-94A9-4812-BAF5-446A4B4E49E1}.Debug|Any CPU.Build.0 = Debug|Any CPU
		{0FABDCDE-94A9-4812-BAF5-446A4B4E49E1}.Release|Any CPU.ActiveCfg = Release|Any CPU
		{0FABDCDE-94A9-4812-BAF5-446A4B4E49E1}.Release|Any CPU.Build.0 = Release|Any CPU
		{3AE58D83-D3B7-4533-8E73-9B53848ED5EC}.Debug|Any CPU.ActiveCfg = Debug|Any CPU
		{3AE58D83-D3B7-4533-8E73-9B53848ED5EC}.Debug|Any CPU.Build.0 = Debug|Any CPU
		{3AE58D83-D3B7-4533-8E73-9B53848ED5EC}.Release|Any CPU.ActiveCfg = Release|Any CPU
		{3AE58D83-D3B7-4533-8E73-9B53848ED5EC}.Release|Any CPU.Build.0 = Release|Any CPU
		{BB56B5A2-3669-4C7B-8F1D-5161D32E000B}.Debug|Any CPU.ActiveCfg = Debug|Any CPU
		{BB56B5A2-3669-4C7B-8F1D-5161D32E000B}.Debug|Any CPU.Build.0 = Debug|Any CPU
		{BB56B5A2-3669-4C7B-8F1D-5161D32E000B}.Release|Any CPU.ActiveCfg = Release|Any CPU
		{BB56B5A2-3669-4C7B-8F1D-5161D32E000B}.Release|Any CPU.Build.0 = Release|Any CPU
		{6DCDAFB3-2E9B-4E15-B9B4-726F8D948854}.Debug|Any CPU.ActiveCfg = Debug|Any CPU
		{6DCDAFB3-2E9B-4E15-B9B4-726F8D948854}.Debug|Any CPU.Build.0 = Debug|Any CPU
		{6DCDAFB3-2E9B-4E15-B9B4-726F8D948854}.Release|Any CPU.ActiveCfg = Release|Any CPU
		{6DCDAFB3-2E9B-4E15-B9B4-726F8D948854}.Release|Any CPU.Build.0 = Release|Any CPU
		{F27E4128-1845-49F7-B69F-16DA26ADF7F3}.Debug|Any CPU.ActiveCfg = Debug|Any CPU
		{F27E4128-1845-49F7-B69F-16DA26ADF7F3}.Debug|Any CPU.Build.0 = Debug|Any CPU
		{F27E4128-1845-49F7-B69F-16DA26ADF7F3}.Release|Any CPU.ActiveCfg = Release|Any CPU
		{F27E4128-1845-49F7-B69F-16DA26ADF7F3}.Release|Any CPU.Build.0 = Release|Any CPU
		{126F93D7-E452-49D2-80F9-8FBA80BCBA97}.Debug|Any CPU.ActiveCfg = Debug|Any CPU
		{126F93D7-E452-49D2-80F9-8FBA80BCBA97}.Debug|Any CPU.Build.0 = Debug|Any CPU
		{126F93D7-E452-49D2-80F9-8FBA80BCBA97}.Release|Any CPU.ActiveCfg = Release|Any CPU
		{126F93D7-E452-49D2-80F9-8FBA80BCBA97}.Release|Any CPU.Build.0 = Release|Any CPU
		{68D984F3-4C7A-4796-B2E1-FFAF30C84616}.Debug|Any CPU.ActiveCfg = Debug|Any CPU
		{68D984F3-4C7A-4796-B2E1-FFAF30C84616}.Debug|Any CPU.Build.0 = Debug|Any CPU
		{68D984F3-4C7A-4796-B2E1-FFAF30C84616}.Release|Any CPU.ActiveCfg = Release|Any CPU
		{68D984F3-4C7A-4796-B2E1-FFAF30C84616}.Release|Any CPU.Build.0 = Release|Any CPU
		{14C36099-2FC4-43CC-A6D9-89FC30887322}.Debug|Any CPU.ActiveCfg = Debug|Any CPU
		{14C36099-2FC4-43CC-A6D9-89FC30887322}.Debug|Any CPU.Build.0 = Debug|Any CPU
		{14C36099-2FC4-43CC-A6D9-89FC30887322}.Release|Any CPU.ActiveCfg = Release|Any CPU
		{14C36099-2FC4-43CC-A6D9-89FC30887322}.Release|Any CPU.Build.0 = Release|Any CPU
		{81829E04-BA1B-4A73-8F05-4AF19645755D}.Debug|Any CPU.ActiveCfg = Debug|Any CPU
		{81829E04-BA1B-4A73-8F05-4AF19645755D}.Debug|Any CPU.Build.0 = Debug|Any CPU
		{81829E04-BA1B-4A73-8F05-4AF19645755D}.Release|Any CPU.ActiveCfg = Release|Any CPU
		{81829E04-BA1B-4A73-8F05-4AF19645755D}.Release|Any CPU.Build.0 = Release|Any CPU
		{86D29C3C-1ECE-4B4B-A65A-36C417699FAF}.Debug|Any CPU.ActiveCfg = Debug|Any CPU
		{86D29C3C-1ECE-4B4B-A65A-36C417699FAF}.Debug|Any CPU.Build.0 = Debug|Any CPU
		{86D29C3C-1ECE-4B4B-A65A-36C417699FAF}.Release|Any CPU.ActiveCfg = Release|Any CPU
		{86D29C3C-1ECE-4B4B-A65A-36C417699FAF}.Release|Any CPU.Build.0 = Release|Any CPU
		{77415D87-71D2-4FE1-9063-E19FE1A25F08}.Debug|Any CPU.ActiveCfg = Debug|Any CPU
		{77415D87-71D2-4FE1-9063-E19FE1A25F08}.Debug|Any CPU.Build.0 = Debug|Any CPU
		{77415D87-71D2-4FE1-9063-E19FE1A25F08}.Release|Any CPU.ActiveCfg = Release|Any CPU
		{77415D87-71D2-4FE1-9063-E19FE1A25F08}.Release|Any CPU.Build.0 = Release|Any CPU
	EndGlobalSection
	GlobalSection(SolutionProperties) = preSolution
		HideSolutionNode = FALSE
	EndGlobalSection
	GlobalSection(NestedProjects) = preSolution
		{C162A1F9-7439-4772-81DA-C6916834FFE1} = {9E17A0DD-15D7-4CE4-BC81-AC9F4AC6A27B}
		{0FABDCDE-94A9-4812-BAF5-446A4B4E49E1} = {02EA681E-C7D8-13C7-8484-4AC65E1B71E8}
		{3AE58D83-D3B7-4533-8E73-9B53848ED5EC} = {C162A1F9-7439-4772-81DA-C6916834FFE1}
		{BB56B5A2-3669-4C7B-8F1D-5161D32E000B} = {9424E60D-9285-4979-949B-399FFD06DE4E}
		{6DCDAFB3-2E9B-4E15-B9B4-726F8D948854} = {CAD346F6-FD0C-4CBE-89EB-F540C9D3A5D7}
		{F27E4128-1845-49F7-B69F-16DA26ADF7F3} = {CAD346F6-FD0C-4CBE-89EB-F540C9D3A5D7}
		{126F93D7-E452-49D2-80F9-8FBA80BCBA97} = {E9101DC1-11D6-4D43-BED4-613E689DD538}
		{13696B67-1E23-433B-A98F-AEC9306A354A} = {D7727C20-B647-4266-8A83-B169060EA6E2}
		{7D59600F-BBBA-409F-B77E-2DA70F753F96} = {D7727C20-B647-4266-8A83-B169060EA6E2}
		{68D984F3-4C7A-4796-B2E1-FFAF30C84616} = {E4AFCF99-F496-4205-83FA-D2B000B8E939}
		{E4AFCF99-F496-4205-83FA-D2B000B8E939} = {13696B67-1E23-433B-A98F-AEC9306A354A}
		{3F97EDE1-5494-47A3-8C5F-D8612A049353} = {13696B67-1E23-433B-A98F-AEC9306A354A}
		{14C36099-2FC4-43CC-A6D9-89FC30887322} = {3F97EDE1-5494-47A3-8C5F-D8612A049353}
		{1BB023E6-CBAE-46E9-B8DC-3AD0308DA3B8} = {7D59600F-BBBA-409F-B77E-2DA70F753F96}
		{A0DA63D9-7527-4CD4-8FA7-226B8A17BC97} = {7D59600F-BBBA-409F-B77E-2DA70F753F96}
		{81829E04-BA1B-4A73-8F05-4AF19645755D} = {1BB023E6-CBAE-46E9-B8DC-3AD0308DA3B8}
		{86D29C3C-1ECE-4B4B-A65A-36C417699FAF} = {A0DA63D9-7527-4CD4-8FA7-226B8A17BC97}
		{77415D87-71D2-4FE1-9063-E19FE1A25F08} = {FBD647BB-34E0-4726-A1B7-B85305418A09}
	EndGlobalSection
	GlobalSection(ExtensibilityGlobals) = postSolution
		SolutionGuid = {C03B7C12-85CC-4F1E-B32A-6690B9D9D9F5}
	EndGlobalSection
EndGlobal
