
Microsoft Visual Studio Solution File, Format Version 12.00
# Visual Studio Version 17
VisualStudioVersion = 17.14.36121.58
MinimumVisualStudioVersion = 10.0.40219.1
Project("{2150E333-8FDC-42A3-9474-1A3956D46DE8}") = "presentation", "presentation", "{02EA681E-C7D8-13C7-8484-4AC65E1B71E8}"
EndProject
Project("{FAE04EC0-301F-11D3-BF4B-00C04F79EFBC}") = "TayotaRD.ADMIN.VIEW", "TayotaRD.ADMIN\TayotaRD.ADMIN.VIEW.csproj", "{B263BEA1-97E7-44D2-9291-3E8A2418EF92}"
EndProject
Project("{FAE04EC0-301F-11D3-BF4B-00C04F79EFBC}") = "TayotaRD.Cliente.VIEW", "TayotaRD.Cliente\TayotaRD.Cliente.VIEW.csproj", "{24405BFD-5E45-48DD-BB4F-1B84C1171892}"
EndProject
Project("{FAE04EC0-301F-11D3-BF4B-00C04F79EFBC}") = "TayotaRD.LOGIN.VIEW", "TayotaRD.LOGIN\TayotaRD.LOGIN.VIEW.csproj", "{23BD07BC-C893-4555-A1A9-19030B0AD028}"
EndProject
Project("{2150E333-8FDC-42A3-9474-1A3956D46DE8}") = "Domain", "Domain", "{9E17A0DD-15D7-4CE4-BC81-AC9F4AC6A27B}"
EndProject
Project("{2150E333-8FDC-42A3-9474-1A3956D46DE8}") = "Aplication", "Aplication", "{A1725880-B709-46FB-AB4A-736298E8BD78}"
EndProject
Project("{2150E333-8FDC-42A3-9474-1A3956D46DE8}") = "Infrastructure", "Infrastructure", "{CAD346F6-FD0C-4CBE-89EB-F540C9D3A5D7}"
EndProject
Project("{FAE04EC0-301F-11D3-BF4B-00C04F79EFBC}") = "TayotaRD.Usuario(MAIN)", "TayotaRD.Usuario\TayotaRD.Usuario(MAIN).csproj", "{70B64D75-16EF-4F1D-A3CA-0089B346BA56}"
EndProject
Project("{FAE04EC0-301F-11D3-BF4B-00C04F79EFBC}") = "TayotaRD.Cliente", "Tayota.Cliente\TayotaRD.Cliente.csproj", "{3DB63808-B31C-482A-AA67-94BF294873F7}"
EndProject
Project("{FAE04EC0-301F-11D3-BF4B-00C04F79EFBC}") = "TayotaRD.Adminn", "TayotaRD.Adminn\TayotaRD.Adminn.csproj", "{33FB6F6C-B6B0-4A19-A7ED-A06F9553C309}"
EndProject
Project("{FAE04EC0-301F-11D3-BF4B-00C04F79EFBC}") = "Admin,Controller", "Admin,Controller\Admin,Controller.csproj", "{3CC85E35-1032-420C-A9BC-B31D6B6D0350}"
EndProject
Project("{FAE04EC0-301F-11D3-BF4B-00C04F79EFBC}") = "Cliente.Controller", "Cliente.Controller\Cliente.Controller.csproj", "{44779DAE-BEC8-4230-8E51-17B30E153CE2}"
EndProject
Project("{2150E333-8FDC-42A3-9474-1A3956D46DE8}") = "Logic", "Logic", "{9424E60D-9285-4979-949B-399FFD06DE4E}"
EndProject
Project("{2150E333-8FDC-42A3-9474-1A3956D46DE8}") = "Contract", "Contract", "{C162A1F9-7439-4772-81DA-C6916834FFE1}"
EndProject
Project("{FAE04EC0-301F-11D3-BF4B-00C04F79EFBC}") = "General_Contract", "General_Contract\General_Contract.csproj", "{53C69727-8415-45ED-8BE4-617A3344CDA3}"
EndProject
Project("{FAE04EC0-301F-11D3-BF4B-00C04F79EFBC}") = "PasswordEncrypter(login)", "PasswordEncrypter(login)\PasswordEncrypter(login).csproj", "{C7384D0B-687E-43F5-9ED2-580BCC8ABF8B}"
EndProject
Project("{2150E333-8FDC-42A3-9474-1A3956D46DE8}") = "USER.Controller", "USER.Controller", "{DE00F5A0-CDC2-4409-834D-25575B45460D}"
EndProject
Project("{2150E333-8FDC-42A3-9474-1A3956D46DE8}") = "Login.Controller", "Login.Controller", "{7032BBB6-E564-401A-974B-7F80DF252F32}"
EndProject
Project("{FAE04EC0-301F-11D3-BF4B-00C04F79EFBC}") = "Controller", "Controller\Controller.csproj", "{4570BCFA-A68B-4969-BEF1-F341C977E5CA}"
EndProject
Project("{2150E333-8FDC-42A3-9474-1A3956D46DE8}") = "Persistence", "Persistence", "{F79728BE-C2AF-4580-AC5C-ED995789127E}"
EndProject
Project("{FAE04EC0-301F-11D3-BF4B-00C04F79EFBC}") = "BDD", "BDD\BDD.csproj", "{F9DA3D5D-C014-44AF-9944-DBEF5DF8A24F}"
EndProject
Global
	GlobalSection(SolutionConfigurationPlatforms) = preSolution
		Debug|Any CPU = Debug|Any CPU
		Release|Any CPU = Release|Any CPU
	EndGlobalSection
	GlobalSection(ProjectConfigurationPlatforms) = postSolution
		{B263BEA1-97E7-44D2-9291-3E8A2418EF92}.Debug|Any CPU.ActiveCfg = Debug|Any CPU
		{B263BEA1-97E7-44D2-9291-3E8A2418EF92}.Debug|Any CPU.Build.0 = Debug|Any CPU
		{B263BEA1-97E7-44D2-9291-3E8A2418EF92}.Release|Any CPU.ActiveCfg = Release|Any CPU
		{B263BEA1-97E7-44D2-9291-3E8A2418EF92}.Release|Any CPU.Build.0 = Release|Any CPU
		{24405BFD-5E45-48DD-BB4F-1B84C1171892}.Debug|Any CPU.ActiveCfg = Debug|Any CPU
		{24405BFD-5E45-48DD-BB4F-1B84C1171892}.Debug|Any CPU.Build.0 = Debug|Any CPU
		{24405BFD-5E45-48DD-BB4F-1B84C1171892}.Release|Any CPU.ActiveCfg = Release|Any CPU
		{24405BFD-5E45-48DD-BB4F-1B84C1171892}.Release|Any CPU.Build.0 = Release|Any CPU
		{23BD07BC-C893-4555-A1A9-19030B0AD028}.Debug|Any CPU.ActiveCfg = Debug|Any CPU
		{23BD07BC-C893-4555-A1A9-19030B0AD028}.Debug|Any CPU.Build.0 = Debug|Any CPU
		{23BD07BC-C893-4555-A1A9-19030B0AD028}.Release|Any CPU.ActiveCfg = Release|Any CPU
		{23BD07BC-C893-4555-A1A9-19030B0AD028}.Release|Any CPU.Build.0 = Release|Any CPU
		{70B64D75-16EF-4F1D-A3CA-0089B346BA56}.Debug|Any CPU.ActiveCfg = Debug|Any CPU
		{70B64D75-16EF-4F1D-A3CA-0089B346BA56}.Debug|Any CPU.Build.0 = Debug|Any CPU
		{70B64D75-16EF-4F1D-A3CA-0089B346BA56}.Release|Any CPU.ActiveCfg = Release|Any CPU
		{70B64D75-16EF-4F1D-A3CA-0089B346BA56}.Release|Any CPU.Build.0 = Release|Any CPU
		{3DB63808-B31C-482A-AA67-94BF294873F7}.Debug|Any CPU.ActiveCfg = Debug|Any CPU
		{3DB63808-B31C-482A-AA67-94BF294873F7}.Debug|Any CPU.Build.0 = Debug|Any CPU
		{3DB63808-B31C-482A-AA67-94BF294873F7}.Release|Any CPU.ActiveCfg = Release|Any CPU
		{3DB63808-B31C-482A-AA67-94BF294873F7}.Release|Any CPU.Build.0 = Release|Any CPU
		{33FB6F6C-B6B0-4A19-A7ED-A06F9553C309}.Debug|Any CPU.ActiveCfg = Debug|Any CPU
		{33FB6F6C-B6B0-4A19-A7ED-A06F9553C309}.Debug|Any CPU.Build.0 = Debug|Any CPU
		{33FB6F6C-B6B0-4A19-A7ED-A06F9553C309}.Release|Any CPU.ActiveCfg = Release|Any CPU
		{33FB6F6C-B6B0-4A19-A7ED-A06F9553C309}.Release|Any CPU.Build.0 = Release|Any CPU
		{3CC85E35-1032-420C-A9BC-B31D6B6D0350}.Debug|Any CPU.ActiveCfg = Debug|Any CPU
		{3CC85E35-1032-420C-A9BC-B31D6B6D0350}.Debug|Any CPU.Build.0 = Debug|Any CPU
		{3CC85E35-1032-420C-A9BC-B31D6B6D0350}.Release|Any CPU.ActiveCfg = Release|Any CPU
		{3CC85E35-1032-420C-A9BC-B31D6B6D0350}.Release|Any CPU.Build.0 = Release|Any CPU
		{44779DAE-BEC8-4230-8E51-17B30E153CE2}.Debug|Any CPU.ActiveCfg = Debug|Any CPU
		{44779DAE-BEC8-4230-8E51-17B30E153CE2}.Debug|Any CPU.Build.0 = Debug|Any CPU
		{44779DAE-BEC8-4230-8E51-17B30E153CE2}.Release|Any CPU.ActiveCfg = Release|Any CPU
		{44779DAE-BEC8-4230-8E51-17B30E153CE2}.Release|Any CPU.Build.0 = Release|Any CPU
		{53C69727-8415-45ED-8BE4-617A3344CDA3}.Debug|Any CPU.ActiveCfg = Debug|Any CPU
		{53C69727-8415-45ED-8BE4-617A3344CDA3}.Debug|Any CPU.Build.0 = Debug|Any CPU
		{53C69727-8415-45ED-8BE4-617A3344CDA3}.Release|Any CPU.ActiveCfg = Release|Any CPU
		{53C69727-8415-45ED-8BE4-617A3344CDA3}.Release|Any CPU.Build.0 = Release|Any CPU
		{C7384D0B-687E-43F5-9ED2-580BCC8ABF8B}.Debug|Any CPU.ActiveCfg = Debug|Any CPU
		{C7384D0B-687E-43F5-9ED2-580BCC8ABF8B}.Debug|Any CPU.Build.0 = Debug|Any CPU
		{C7384D0B-687E-43F5-9ED2-580BCC8ABF8B}.Release|Any CPU.ActiveCfg = Release|Any CPU
		{C7384D0B-687E-43F5-9ED2-580BCC8ABF8B}.Release|Any CPU.Build.0 = Release|Any CPU
		{4570BCFA-A68B-4969-BEF1-F341C977E5CA}.Debug|Any CPU.ActiveCfg = Debug|Any CPU
		{4570BCFA-A68B-4969-BEF1-F341C977E5CA}.Debug|Any CPU.Build.0 = Debug|Any CPU
		{4570BCFA-A68B-4969-BEF1-F341C977E5CA}.Release|Any CPU.ActiveCfg = Release|Any CPU
		{4570BCFA-A68B-4969-BEF1-F341C977E5CA}.Release|Any CPU.Build.0 = Release|Any CPU
		{F9DA3D5D-C014-44AF-9944-DBEF5DF8A24F}.Debug|Any CPU.ActiveCfg = Debug|Any CPU
		{F9DA3D5D-C014-44AF-9944-DBEF5DF8A24F}.Debug|Any CPU.Build.0 = Debug|Any CPU
		{F9DA3D5D-C014-44AF-9944-DBEF5DF8A24F}.Release|Any CPU.ActiveCfg = Release|Any CPU
		{F9DA3D5D-C014-44AF-9944-DBEF5DF8A24F}.Release|Any CPU.Build.0 = Release|Any CPU
	EndGlobalSection
	GlobalSection(SolutionProperties) = preSolution
		HideSolutionNode = FALSE
	EndGlobalSection
	GlobalSection(NestedProjects) = preSolution
		{B263BEA1-97E7-44D2-9291-3E8A2418EF92} = {02EA681E-C7D8-13C7-8484-4AC65E1B71E8}
		{24405BFD-5E45-48DD-BB4F-1B84C1171892} = {02EA681E-C7D8-13C7-8484-4AC65E1B71E8}
		{23BD07BC-C893-4555-A1A9-19030B0AD028} = {02EA681E-C7D8-13C7-8484-4AC65E1B71E8}
		{70B64D75-16EF-4F1D-A3CA-0089B346BA56} = {9424E60D-9285-4979-949B-399FFD06DE4E}
		{3DB63808-B31C-482A-AA67-94BF294873F7} = {9424E60D-9285-4979-949B-399FFD06DE4E}
		{33FB6F6C-B6B0-4A19-A7ED-A06F9553C309} = {9424E60D-9285-4979-949B-399FFD06DE4E}
		{3CC85E35-1032-420C-A9BC-B31D6B6D0350} = {DE00F5A0-CDC2-4409-834D-25575B45460D}
		{44779DAE-BEC8-4230-8E51-17B30E153CE2} = {DE00F5A0-CDC2-4409-834D-25575B45460D}
		{9424E60D-9285-4979-949B-399FFD06DE4E} = {9E17A0DD-15D7-4CE4-BC81-AC9F4AC6A27B}
		{C162A1F9-7439-4772-81DA-C6916834FFE1} = {9E17A0DD-15D7-4CE4-BC81-AC9F4AC6A27B}
		{53C69727-8415-45ED-8BE4-617A3344CDA3} = {C162A1F9-7439-4772-81DA-C6916834FFE1}
		{C7384D0B-687E-43F5-9ED2-580BCC8ABF8B} = {CAD346F6-FD0C-4CBE-89EB-F540C9D3A5D7}
		{DE00F5A0-CDC2-4409-834D-25575B45460D} = {A1725880-B709-46FB-AB4A-736298E8BD78}
		{7032BBB6-E564-401A-974B-7F80DF252F32} = {A1725880-B709-46FB-AB4A-736298E8BD78}
		{4570BCFA-A68B-4969-BEF1-F341C977E5CA} = {7032BBB6-E564-401A-974B-7F80DF252F32}
		{F79728BE-C2AF-4580-AC5C-ED995789127E} = {CAD346F6-FD0C-4CBE-89EB-F540C9D3A5D7}
		{F9DA3D5D-C014-44AF-9944-DBEF5DF8A24F} = {F79728BE-C2AF-4580-AC5C-ED995789127E}
	EndGlobalSection
	GlobalSection(ExtensibilityGlobals) = postSolution
		SolutionGuid = {C03B7C12-85CC-4F1E-B32A-6690B9D9D9F5}
	EndGlobalSection
EndGlobal
